
Microsoft Visual Studio Solution File, Format Version 12.00
# Visual Studio Version 16
VisualStudioVersion = 16.0.30503.244
MinimumVisualStudioVersion = 10.0.40219.1
Project("{FAE04EC0-301F-11D3-BF4B-00C04F79EFBC}") = "PhanMemQuanLy", "PhanMemQuanLy\PhanMemQuanLy.csproj", "{7EBFDB0B-AA91-4CB7-8C69-116204319CB8}"
EndProject
Global
	GlobalSection(SolutionConfigurationPlatforms) = preSolution
		Debug|Any CPU = Debug|Any CPU
		Release|Any CPU = Release|Any CPU
	EndGlobalSection
	GlobalSection(ProjectConfigurationPlatforms) = postSolution
		{7EBFDB0B-AA91-4CB7-8C69-116204319CB8}.Debug|Any CPU.ActiveCfg = Debug|Any CPU
		{7EBFDB0B-AA91-4CB7-8C69-116204319CB8}.Debug|Any CPU.Build.0 = Debug|Any CPU
		{7EBFDB0B-AA91-4CB7-8C69-116204319CB8}.Release|Any CPU.ActiveCfg = Release|Any CPU
		{7EBFDB0B-AA91-4CB7-8C69-116204319CB8}.Release|Any CPU.Build.0 = Release|Any CPU
	EndGlobalSection
	GlobalSection(SolutionProperties) = preSolution
		HideSolutionNode = FALSE
	EndGlobalSection
	GlobalSection(ExtensibilityGlobals) = postSolution
		SolutionGuid = {94F39265-58BB-4E60-81E9-4424992CB469}
	EndGlobalSection
EndGlobal
